{
    "_meta": {
        "hash": {
            "sha256": "fe8abf02504d5e49eba543c997532bfa01374cec523ccdfac3bb55d19e123f02"
        },
        "pipfile-spec": 6,
        "requires": {
            "python_version": "3.6"
        },
        "sources": [
            {
                "name": "pypi",
                "url": "https://pypi.org/simple",
                "verify_ssl": true
            }
        ]
    },
    "default": {
        "blis": {
            "hashes": [
                "sha256:168fd7bd763ebe529aa25a066d3a6b89f4c3f492f6297f881df6942741b95787",
                "sha256:4222bbc7b9c47bc3cf6f36f2241862c1512ca7ebac3828267a2e05ef6c47fc54",
                "sha256:445e4838b809e99677f5c0982fb9af320f0d91328fb28c8097e5f1173c4df9d6",
                "sha256:5b403deb2ad5515e1edb3c0867bccb5b974b461f24283d9219a3a761fd6dacc6",
                "sha256:5c1a2023f7d8431daa8d87d32f539bb23e1a009500c37f9eba0ac7b3f20f73eb",
                "sha256:5ecddc4c6daf80558154b091db0a9839bb15dbe65d2906a543a73b93fbce4f73",
                "sha256:6814991b3e3193db4f9b2417174c6f24b9c0197409d864fa7628583bd2df1f0f",
                "sha256:78a8e0ee72a42c3b2f5b9114500a781119995f76fa6c21d4b02c6fb9c21df2cc",
                "sha256:7daa615a97d4f28db0f332b710bfe1900b15d0c25841c6d727965e4fd91e09cf",
                "sha256:94890b2296f1449baa56aede46627ea7fc8de11c788f9c261ee38c2eb4a2cc7d",
                "sha256:9f9b829480c12fc834549306821e5c51cb28b216ca5f88c5b2cfedbeb9daf67d",
                "sha256:c2d8064217c326dd9a0dcbae294ffe8557263e2a00d76101ffa222b9c9d9c62d",
                "sha256:d717b5dea407aac89a646908e7d9849105abab9c88a539c120518c200f899f4e"
            ],
            "version": "==0.7.4"
        },
        "catalogue": {
            "hashes": [
                "sha256:62572ad1a641face0eb1436921ee4e03169162879bdc25ab8d535219b5f65b48",
                "sha256:9ed345d12855af315f1715583612b26b8621a2b0a2e3bef974dc5d712f7983aa"
            ],
            "markers": "python_version >= '3.6'",
            "version": "==2.0.4"
        },
        "certifi": {
            "hashes": [
                "sha256:2bbf76fd432960138b3ef6dda3dde0544f27cbf8546c458e60baf371917ba9ee",
                "sha256:50b1e4f8446b06f41be7dd6338db18e0990601dce795c2b1686458aa7e8fa7d8"
            ],
            "version": "==2021.5.30"
        },
        "chardet": {
            "hashes": [
                "sha256:0d6f53a15db4120f2b08c94f11e7d93d2c911ee118b6b30a04ec3ee8310179fa",
                "sha256:f864054d66fd9118f2e67044ac8981a54775ec5b67aed0441892edb553d21da5"
            ],
            "markers": "python_version >= '2.7' and python_version not in '3.0, 3.1, 3.2, 3.3, 3.4'",
            "version": "==4.0.0"
        },
        "click": {
            "hashes": [
                "sha256:d2b5255c7c6349bc1bd1e59e08cd12acbbd63ce649f2588755783aa94dfb6b1a",
                "sha256:dacca89f4bfadd5de3d7489b7c8a566eee0d3676333fbb50030263894c38c0dc"
            ],
            "markers": "python_version >= '2.7' and python_version not in '3.0, 3.1, 3.2, 3.3, 3.4'",
            "version": "==7.1.2"
        },
        "contextvars": {
            "hashes": [
                "sha256:f38c908aaa59c14335eeea12abea5f443646216c4e29380d7bf34d2018e2c39e"
            ],
            "markers": "python_version < '3.7'",
            "version": "==2.4"
        },
        "cymem": {
            "hashes": [
                "sha256:01d3ea159f7a3f3192b1e800ed8207dac7586794d903a153198b9ea317f144bc",
                "sha256:190e15d9cf2c3bde60ae37bddbae6568a36044dc4a326d84081a5fa08818eee0",
                "sha256:1f0eb9b3d03623dcfc746cf8bff0663b0e347f4aea759965c8932087a0307ee9",
                "sha256:3d48902d7441645835fefc7832df49feb5362c7300d182475b63a01d25ae44ef",
                "sha256:4bd023c2477198b39b660c2a6b0242880649765ecee8461688a57fd4afd2bfc0",
                "sha256:734d82d0d03c2ceb929bc1744c04dbe0a105e68a4947c8406056a36f86c41830",
                "sha256:8ea57e6923f40eb51012352161bb5707c14a5a5ce901ff72021e59df06221655",
                "sha256:9d72d69f7a62a280199c3aa7bc550685c47d6d0689b2d299e6492253b86d2437",
                "sha256:a440d63577fcdc9c528c9cc026b7b4f8648193bac462bc0596c9eac10f9fba62",
                "sha256:ce1e81c1d031f56b67bac2136e73b4512cbc794706cd570178972d54ba6115d8",
                "sha256:d19f68b90411e02ab33b1654118337f96f41c13a3cd00c4f44f7abed2bc712e7",
                "sha256:d307f7f6230d861a938837cae4b855226b6845a21c010242a15e9ce6853856cd",
                "sha256:f2167c9959fcd639b95d51fa5efaa7c61eef8d686cb75a25412a914f428ce980"
            ],
            "version": "==2.0.5"
        },
        "dataclasses": {
            "hashes": [
                "sha256:0201d89fa866f68c8ebd9d08ee6ff50c0b255f8ec63a71c16fda7af82bb887bf",
                "sha256:8479067f342acf957dc82ec415d355ab5edb7e7646b90dc6e2fd1d96ad084c97"
            ],
            "markers": "python_version < '3.7'",
            "version": "==0.8"
        },
        "faiss": {
            "hashes": [
                "sha256:00bc2f7b7fd8fd793e054a814c97958283478ca1270fb75d66ade210ee1bed75",
                "sha256:162e674ed57c800bef9a51428719379f7a03b56bd78b6df9c3861e64730bbd33",
                "sha256:48e7a238046f6fc647800a0cd3bc0f3f5e1e232369d48473da694ab262fcb67c",
                "sha256:680e0cab16d457698b282a21a0ea7fe20e0d37e8181f81a905cceed80f12ffd3",
                "sha256:6f0c9d0cd4ba2a3c54d5c0184bfdcd20d071ce833ba2ce41f7c18d56bf30324f",
                "sha256:c2342b0a08995f06d39dc544afe12f301411c104489f3d36cedf30942cd79874",
                "sha256:cc60fee206befd666f1bba56767d1df857ca1fe8d550749dc426719ba96e35ce",
                "sha256:d29ec4a1c27ce464a13f54540da35d916373f7f1c2445de4bf6607f89e16a345"
            ],
            "index": "pypi",
            "version": "==1.5.3"
        },
        "faiss-cpu": {
            "hashes": [
                "sha256:23f98847de2fbc3ff0425bae9fada9a8f1f094dfcdd71a71f8db8a1ae24f391a",
                "sha256:24bdffaeafc42b35279f516d6a8ed4c6b3b4f0c3799cc76c6d20f888bc90056a",
                "sha256:3436847901f295f95120f1dc88cbf5b5df07672f86a77c1926aa6d75bc612797",
                "sha256:424eb3ff4702fb71af1176e3a8d99c4d6e35ffd311c25b2f15286813199d2f9e",
                "sha256:46caa29772b7acc2a0a4a97ea249eb1e0ffd7b6c25f1c78bdca5a447ce9e87d7",
                "sha256:5a0698754db327c23b36637e198485178fa54136f5e8f4d41d2f2b4b12397cd3",
                "sha256:61122278b0914ab531fe8ec779ef08c5db8b3945fcb43ec2f202ff51e9899e75",
                "sha256:623b0eaea146e3c6f84a5b4140898c02f845220ccc312e0037f6cbf2cee89d62",
                "sha256:b649c87ea3d24e4e016a998255444d63170f926c7dc4f6018e0410575ed22362",
                "sha256:cb27b67e82b33e04d516bdb431a1873e5e1ce2c07539fa86c868e0806aeb1afd",
                "sha256:d42ddecc5d12a6c1cad59490b33a564d8fa68961b1b0e17bbf2b216c692aa723",
                "sha256:d764873d76d2d824b6e06458b5981167f92aeb5a5c29947725c3a63b27f46856",
                "sha256:e9cd96a2bc48357bf620c87f843d03bdfbdfa7767ddc4d9569f67c6974c534e6"
            ],
            "index": "pypi",
            "version": "==1.7.1"
        },
        "filelock": {
            "hashes": [
                "sha256:18d82244ee114f543149c66a6e0c14e9c4f8a1044b5cdaadd0f82159d6a6ff59",
                "sha256:929b7d63ec5b7d6b71b0fa5ac14e030b3f70b75747cef1b10da9b879fef15836"
            ],
            "version": "==3.0.12"
        },
        "idna": {
            "hashes": [
                "sha256:b307872f855b18632ce0c21c5e45be78c0ea7ae4c15c828c20788b26921eb3f6",
                "sha256:b97d804b1e9b523befed77c48dacec60e6dcb0b5391d57af6a65a312a90648c0"
            ],
            "markers": "python_version >= '2.7' and python_version not in '3.0, 3.1, 3.2, 3.3'",
            "version": "==2.10"
        },
        "immutables": {
            "hashes": [
                "sha256:141c2e9ea515a3a815007a429f0b47a578ebeb42c831edaec882a245a35fffca",
                "sha256:2283a93c151566e6830aee0e5bee55fc273455503b43aa004356b50f9182092b",
                "sha256:3035849accee4f4e510ed7c94366a40e0f5fef9069fbe04a35f4787b13610a4a",
                "sha256:3713ab1ebbb6946b7ce1387bb9d1d7f5e09c45add58c2a2ee65f963c171e746b",
                "sha256:3b15c08c71c59e5b7c2470ef949d49ff9f4263bb77f488422eaa157da84d6999",
                "sha256:6728f4392e3e8e64b593a5a0cd910a1278f07f879795517e09f308daed138631",
                "sha256:6f117d9206165b9dab8fd81c5129db757d1a044953f438654236ed9a7a4224ae",
                "sha256:8703d8abfd8687932f2a05f38e7de270c3a6ca3bd1c1efb3c938656b3f2f985a",
                "sha256:a0a4e4417d5ef4812d7f99470cd39347b58cb927365dd2b8da9161040d260db0",
                "sha256:b04fa69174e0c8f815f9c55f2a43fc9e5a68452fab459a08e904a74e8471639f",
                "sha256:b75ade826920c4e490b1bb14cf967ac14e61eb7c5562161c5d7337d61962c226",
                "sha256:b7e13c061785e34f73c4f659861f1b3e4a5fd918e4395c84b21c4e3d449ebe27",
                "sha256:b8ad986f9b532c026f19585289384b0769188fcb68b37c7f0bd0df9092a6ca54",
                "sha256:cbe8c64640637faa5535d539421b293327f119c31507c33ca880bd4f16035eb6",
                "sha256:f0836cd3bdc37c8a77b192bbe5f41dbcc3ce654db048ebbba89bdfe6db7a1c7a"
            ],
            "markers": "python_version >= '3.5'",
            "version": "==0.15"
        },
        "jinja2": {
            "hashes": [
                "sha256:1f06f2da51e7b56b8f238affdd6b4e2c61e39598a378cc49345bc1bd42a978a4",
                "sha256:703f484b47a6af502e743c9122595cc812b0271f661722403114f71a79d0f5a4"
            ],
            "markers": "python_version >= '3.6'",
            "version": "==3.0.1"
        },
        "joblib": {
            "hashes": [
                "sha256:9c17567692206d2f3fb9ecf5e991084254fe631665c450b443761c4186a613f7",
                "sha256:feeb1ec69c4d45129954f1b7034954241eedfd6ba39b5e9e4b6883be3332d5e5"
            ],
            "markers": "python_version >= '3.6'",
            "version": "==1.0.1"
        },
        "markupsafe": {
            "hashes": [
                "sha256:01a9b8ea66f1658938f65b93a85ebe8bc016e6769611be228d797c9d998dd298",
                "sha256:023cb26ec21ece8dc3907c0e8320058b2e0cb3c55cf9564da612bc325bed5e64",
                "sha256:0446679737af14f45767963a1a9ef7620189912317d095f2d9ffa183a4d25d2b",
                "sha256:0717a7390a68be14b8c793ba258e075c6f4ca819f15edfc2a3a027c823718567",
                "sha256:0955295dd5eec6cb6cc2fe1698f4c6d84af2e92de33fbcac4111913cd100a6ff",
                "sha256:10f82115e21dc0dfec9ab5c0223652f7197feb168c940f3ef61563fc2d6beb74",
                "sha256:1d609f577dc6e1aa17d746f8bd3c31aa4d258f4070d61b2aa5c4166c1539de35",
                "sha256:2ef54abee730b502252bcdf31b10dacb0a416229b72c18b19e24a4509f273d26",
                "sha256:3c112550557578c26af18a1ccc9e090bfe03832ae994343cfdacd287db6a6ae7",
                "sha256:47ab1e7b91c098ab893b828deafa1203de86d0bc6ab587b160f78fe6c4011f75",
                "sha256:49e3ceeabbfb9d66c3aef5af3a60cc43b85c33df25ce03d0031a608b0a8b2e3f",
                "sha256:4efca8f86c54b22348a5467704e3fec767b2db12fc39c6d963168ab1d3fc9135",
                "sha256:53edb4da6925ad13c07b6d26c2a852bd81e364f95301c66e930ab2aef5b5ddd8",
                "sha256:594c67807fb16238b30c44bdf74f36c02cdf22d1c8cda91ef8a0ed8dabf5620a",
                "sha256:611d1ad9a4288cf3e3c16014564df047fe08410e628f89805e475368bd304914",
                "sha256:6557b31b5e2c9ddf0de32a691f2312a32f77cd7681d8af66c2692efdbef84c18",
                "sha256:693ce3f9e70a6cf7d2fb9e6c9d8b204b6b39897a2c4a1aa65728d5ac97dcc1d8",
                "sha256:6a7fae0dd14cf60ad5ff42baa2e95727c3d81ded453457771d02b7d2b3f9c0c2",
                "sha256:6c4ca60fa24e85fe25b912b01e62cb969d69a23a5d5867682dd3e80b5b02581d",
                "sha256:7d91275b0245b1da4d4cfa07e0faedd5b0812efc15b702576d103293e252af1b",
                "sha256:905fec760bd2fa1388bb5b489ee8ee5f7291d692638ea5f67982d968366bef9f",
                "sha256:97383d78eb34da7e1fa37dd273c20ad4320929af65d156e35a5e2d89566d9dfb",
                "sha256:984d76483eb32f1bcb536dc27e4ad56bba4baa70be32fa87152832cdd9db0833",
                "sha256:a30e67a65b53ea0a5e62fe23682cfe22712e01f453b95233b25502f7c61cb415",
                "sha256:ab3ef638ace319fa26553db0624c4699e31a28bb2a835c5faca8f8acf6a5a902",
                "sha256:b2f4bf27480f5e5e8ce285a8c8fd176c0b03e93dcc6646477d4630e83440c6a9",
                "sha256:b7f2d075102dc8c794cbde1947378051c4e5180d52d276987b8d28a3bd58c17d",
                "sha256:be98f628055368795d818ebf93da628541e10b75b41c559fdf36d104c5787066",
                "sha256:d7f9850398e85aba693bb640262d3611788b1f29a79f0c93c565694658f4071f",
                "sha256:f5653a225f31e113b152e56f154ccbe59eeb1c7487b39b9d9f9cdb58e6c79dc5",
                "sha256:f826e31d18b516f653fe296d967d700fddad5901ae07c622bb3705955e1faa94",
                "sha256:f8ba0e8349a38d3001fae7eadded3f6606f0da5d748ee53cc1dab1d6527b9509",
                "sha256:f9081981fe268bd86831e5c75f7de206ef275defcb82bc70740ae6dc507aee51",
                "sha256:fa130dd50c57d53368c9d59395cb5526eda596d3ffe36666cd81a44d56e48872"
            ],
            "markers": "python_version >= '3.6'",
            "version": "==2.0.1"
        },
        "murmurhash": {
            "hashes": [
                "sha256:023391cfefe584ac544c1ea0936976c0119b17dd27bb8280652cef1704f76428",
                "sha256:23c56182822a1ed88e2a098ac56958dfec380696a9a943df203b9b41e4bcf5e4",
                "sha256:76251513a2acad6c2e4b7aeffc5fcb807ee97a66cad5c2990557556555a6b7e9",
                "sha256:81474a45c4074637a6dfc8fea4cdebf091ab5aa781c2cfcb94c43b16030badd7",
                "sha256:8381172e03c5f6f947005fb146a53c5e5a9e0d630be4a40cbf8838e9324bfe1c",
                "sha256:892749023da26420d194f37bfa30df1368aaac0149cfa3b2105db36b66549e37",
                "sha256:98ec9d727bd998a35385abd56b062cf0cca216725ea7ec5068604ab566f7e97f",
                "sha256:99e55488476a5f70e8d305fd31258f140e52f724f788bcc50c31ec846a2b3766",
                "sha256:a9bd2312996e6e47605af305a1e5f091eba1bdd637cdd9986aec4885cb4c5530",
                "sha256:add366944eb8ec73013a4f36e166c5a4f0f7628ffe1746bc5fe031347489e5e8",
                "sha256:b9292c532538cf47846ca81056cfeab08b877c35fe7521d6524aa92ddcd833e2",
                "sha256:d4c3a0242014cf4c84e9ea0ba3f13b48f02a3992de3da7b1116d11b816451195",
                "sha256:d58315961dc5a5e740f41f2ac5c3a0ebc61ef472f8afeb4db7eeb3b863243105",
                "sha256:ef8819d15973e0d6f69688bafc097a1fae081675c1de39807028869a1320b1a9",
                "sha256:f00321998f0a6bad3fd068babf448a296d4b0b1f4dd424cab863ebe5ed54182f",
                "sha256:fd17973fd4554715efd8d86b3e9200358e49e437fdb92a897ca127aced48b61c",
                "sha256:fed7578fbaa6c301f27ed80834c1f7494ea7d335e269e98b9aee477cf0b3b487"
            ],
            "version": "==1.0.5"
        },
        "numpy": {
            "hashes": [
                "sha256:012426a41bc9ab63bb158635aecccc7610e3eff5d31d1eb43bc099debc979d94",
                "sha256:06fab248a088e439402141ea04f0fffb203723148f6ee791e9c75b3e9e82f080",
                "sha256:0eef32ca3132a48e43f6a0f5a82cb508f22ce5a3d6f67a8329c81c8e226d3f6e",
                "sha256:1ded4fce9cfaaf24e7a0ab51b7a87be9038ea1ace7f34b841fe3b6894c721d1c",
                "sha256:2e55195bc1c6b705bfd8ad6f288b38b11b1af32f3c8289d6c50d47f950c12e76",
                "sha256:2ea52bd92ab9f768cc64a4c3ef8f4b2580a17af0a5436f6126b08efbd1838371",
                "sha256:36674959eed6957e61f11c912f71e78857a8d0604171dfd9ce9ad5cbf41c511c",
                "sha256:384ec0463d1c2671170901994aeb6dce126de0a95ccc3976c43b0038a37329c2",
                "sha256:39b70c19ec771805081578cc936bbe95336798b7edf4732ed102e7a43ec5c07a",
                "sha256:400580cbd3cff6ffa6293df2278c75aef2d58d8d93d3c5614cd67981dae68ceb",
                "sha256:43d4c81d5ffdff6bae58d66a3cd7f54a7acd9a0e7b18d97abb255defc09e3140",
                "sha256:50a4a0ad0111cc1b71fa32dedd05fa239f7fb5a43a40663269bb5dc7877cfd28",
                "sha256:603aa0706be710eea8884af807b1b3bc9fb2e49b9f4da439e76000f3b3c6ff0f",
                "sha256:6149a185cece5ee78d1d196938b2a8f9d09f5a5ebfbba66969302a778d5ddd1d",
                "sha256:759e4095edc3c1b3ac031f34d9459fa781777a93ccc633a472a5468587a190ff",
                "sha256:7fb43004bce0ca31d8f13a6eb5e943fa73371381e53f7074ed21a4cb786c32f8",
                "sha256:811daee36a58dc79cf3d8bdd4a490e4277d0e4b7d103a001a4e73ddb48e7e6aa",
                "sha256:8b5e972b43c8fc27d56550b4120fe6257fdc15f9301914380b27f74856299fea",
                "sha256:99abf4f353c3d1a0c7a5f27699482c987cf663b1eac20db59b8c7b061eabd7fc",
                "sha256:a0d53e51a6cb6f0d9082decb7a4cb6dfb33055308c4c44f53103c073f649af73",
                "sha256:a12ff4c8ddfee61f90a1633a4c4afd3f7bcb32b11c52026c92a12e1325922d0d",
                "sha256:a4646724fba402aa7504cd48b4b50e783296b5e10a524c7a6da62e4a8ac9698d",
                "sha256:a76f502430dd98d7546e1ea2250a7360c065a5fdea52b2dffe8ae7180909b6f4",
                "sha256:a9d17f2be3b427fbb2bce61e596cf555d6f8a56c222bd2ca148baeeb5e5c783c",
                "sha256:ab83f24d5c52d60dbc8cd0528759532736b56db58adaa7b5f1f76ad551416a1e",
                "sha256:aeb9ed923be74e659984e321f609b9ba54a48354bfd168d21a2b072ed1e833ea",
                "sha256:c843b3f50d1ab7361ca4f0b3639bf691569493a56808a0b0c54a051d260b7dbd",
                "sha256:cae865b1cae1ec2663d8ea56ef6ff185bad091a5e33ebbadd98de2cfa3fa668f",
                "sha256:cc6bd4fd593cb261332568485e20a0712883cf631f6f5e8e86a52caa8b2b50ff",
                "sha256:cf2402002d3d9f91c8b01e66fbb436a4ed01c6498fffed0e4c7566da1d40ee1e",
                "sha256:d051ec1c64b85ecc69531e1137bb9751c6830772ee5c1c426dbcfe98ef5788d7",
                "sha256:d6631f2e867676b13026e2846180e2c13c1e11289d67da08d71cacb2cd93d4aa",
                "sha256:dbd18bcf4889b720ba13a27ec2f2aac1981bd41203b3a3b27ba7a33f88ae4827",
                "sha256:df609c82f18c5b9f6cb97271f03315ff0dbe481a2a02e56aeb1b1a985ce38e60"
            ],
            "markers": "python_version >= '3.6'",
            "version": "==1.19.5"
        },
        "opencc": {
            "hashes": [
                "sha256:071939024231edc9eab8243555671f8def23bde978dcdbe01fa747701aba5dc3",
                "sha256:287b42a7011fdfb10a07ba8a2f50b50c13b408f2834544c64e37f147a04a4e74",
                "sha256:31d08223a53422884546ac81f81ad41a696c926c0b1b5ac2167c9a975352c7e0",
                "sha256:607d1082e3c9bfd618b59b39046da72d3571f74271d85f8b1cd1ea4ebb2ceb7b",
                "sha256:82e76828df3bd3c7e450de2bb7eafb738692225fdcce4150f3d7cb5ff7871f9e",
                "sha256:8aefe6b6097f3696444d2e753c64663756597fddd4aa8d120a06f2ab124551ab",
                "sha256:8d47dcd65c2f322b3153882bdea88b8cbc45faec1f5ea7b1a044a523f02afac7",
                "sha256:95eba60ce376aef96666650abb5e08e8ac5b97fd77e35a2b652609229a901865",
                "sha256:9af690749eceef1dba21eac9d167c98fadc834dfabdb404b38b0438fc8444df8",
                "sha256:e2fd8b96ee02f134bf8b8b6828b058d514446d723a8a1593db526eaefb1aeaca",
                "sha256:e3abe5926f45d83a77f888d0fe38924407ffa7d04812aa577a2eab2db7b97a1c",
                "sha256:fefebdc24ca8eb2656103d101a21639e9759c5e54012c355805a9cdf85bb4eda"
            ],
            "index": "pypi",
            "version": "==1.1.2"
        },
        "packaging": {
            "hashes": [
                "sha256:5b327ac1320dc863dca72f4514ecc086f31186744b84a230374cc1fd776feae5",
                "sha256:67714da7f7bc052e064859c05c595155bd1ee9f69f76557e21f051443c20947a"
            ],
            "markers": "python_version >= '2.7' and python_version not in '3.0, 3.1, 3.2, 3.3'",
            "version": "==20.9"
        },
        "pathy": {
            "hashes": [
                "sha256:01b4ad93f781a9e197d6d6460cf072b8f8a49332fefb3f8af020d2fc1251a982",
                "sha256:9dbf26cbfe6b91ceed86e1e75d91ded4783c8feb0b06563225c2c75abaca6793"
            ],
            "markers": "python_version >= '3.6'",
            "version": "==0.5.2"
        },
        "preshed": {
            "hashes": [
                "sha256:12cbe1e378b4f1c6b06f5e4130408befe916e55ea1616e6aa63c5cd0ccd9c927",
                "sha256:1bdededa7fd81f26a42bc9d11d542657c74746b7ea7fc2b2ca6d0ddbf1f93792",
                "sha256:1ce0846cb7ebb2ea913d44ec2e296098c285443ecdea80ddf02656bbef4deacb",
                "sha256:30f0c8ea85113d0565a1e3eb6222d00513ec39b56f3f9a2615e304575e65422e",
                "sha256:56b9603517bb2a364418163236d6a147a1d722ff7546cbe085e76e25ae118e89",
                "sha256:572899224578d30f6a67fadecb3d62b824866b4d2b6bad73f71abf7585db1389",
                "sha256:5e06a49477bd257eea02bf823b5d3e201d00a19d6976523a58da8606b2358481",
                "sha256:67c11e384ce4c008bc487ba3a29bafdfe038b9a2546ccfe0fe2160480b356fed",
                "sha256:6e833f1632a1d0232bdc6df6c3542fb130ef044d8656b24576d9fd19e5f1e0d1",
                "sha256:6f126bcc414a0304b54956f9dac2628a0f9bef1657d1b3a3837fc82b791aa2a1",
                "sha256:85074eebf90a858a6b68242f1ae265ca99e1af45bf9dafcb9a83d49b0815a2e1",
                "sha256:8a3adffde3126c2a0ab7d57cab1d605cb5f63da1ba88088ad3cf8debfd9aa4dc",
                "sha256:8a560850b8c53c1487ba51c2b0f5769535512b36d3b129ad5796b64653abe2f9",
                "sha256:9ebf444f8487782c84d7b5acb1d7195e603155882fafc4697344199eeeafbe5f",
                "sha256:c6d3dba39ed5059aaf99767017b9568c75b2d0780c3481e204b1daecde00360e",
                "sha256:ca4a7681b643b8356e7dfdab9cf668b2b34bd07ef4b09ebed44c8aeb3b1626ee",
                "sha256:fb4d2e82add82d63b2c97802b759a58ff200d06b632e2edc48a9ced1e6472faf"
            ],
            "version": "==3.0.5"
        },
        "pydantic": {
            "hashes": [
                "sha256:00250e5123dd0b123ff72be0e1b69140e0b0b9e404d15be3846b77c6f1b1e387",
                "sha256:0a1abcbd525fbb52da58c813d54c2ec706c31a91afdb75411a73dd1dec036595",
                "sha256:115d8aa6f257a1d469c66b6bfc7aaf04cd87c25095f24542065c68ebcb42fe63",
                "sha256:1f86d4da363badb39426a0ff494bf1d8510cd2f7274f460eee37bdbf2fd495ec",
                "sha256:2c44a9afd4c4c850885436a4209376857989aaf0853c7b118bb2e628d4b78c4e",
                "sha256:3b8154babf30a5e0fa3aa91f188356763749d9b30f7f211fafb247d4256d7877",
                "sha256:3c60039e84552442defbcb5d56711ef0e057028ca7bfc559374917408a88d84e",
                "sha256:3ea1256a9e782149381e8200119f3e2edea7cd6b123f1c79ab4bbefe4d9ba2c9",
                "sha256:47c5b1d44934375a3311891cabd450c150a31cf5c22e84aa172967bf186718be",
                "sha256:4c1979d5cc3e14b35f0825caddea5a243dd6085e2a7539c006bc46997ef7a61a",
                "sha256:4c92863263e4bd89e4f9cf1ab70d918170c51bd96305fe7b00853d80660acb26",
                "sha256:66757d4e1eab69a3cfd3114480cc1d72b6dd847c4d30e676ae838c6740fdd146",
                "sha256:6e7e314acb170e143c6f3912f93f2ec80a96aa2009ee681356b7ce20d57e5c62",
                "sha256:80cc46378505f7ff202879dcffe4bfbf776c15675028f6e08d1d10bdfbb168ac",
                "sha256:8857576600c32aa488f18d30833aa833b54a48e3bab3adb6de97e463af71f8f8",
                "sha256:8ef77cd17b73b5ba46788d040c0e820e49a2d80cfcd66fda3ba8be31094fd146",
                "sha256:a3026ee105b5360855e500b4abf1a1d0b034d88e75a2d0d66a4c35e60858e15b",
                "sha256:a82385c6d5a77e3387e94612e3e34b77e13c39ff1295c26e3ba664e7b98073e2",
                "sha256:d24aa3f7f791a023888976b600f2f389d3713e4f23b7a4c88217d3fce61cdffc",
                "sha256:dda60d7878a5af2d8560c55c7c47a8908344aa78d32ec1c02d742ede09c534df",
                "sha256:e28455b42a0465a7bf2cde5eab530389226ce7dc779de28d17b8377245982b1e",
                "sha256:e87edd753da0ca1d44e308a1b1034859ffeab1f4a4492276bff9e1c3230db4fe"
            ],
            "markers": "python_version >= '3.6'",
            "version": "==1.7.4"
        },
        "pyparsing": {
            "hashes": [
                "sha256:c203ec8783bf771a155b207279b9bccb8dea02d8f0c9e5f8ead507bc3246ecc1",
                "sha256:ef9d7589ef3c200abe66653d3f1ab1033c3c419ae9b9bdb1240a85b024efc88b"
            ],
            "markers": "python_version >= '2.6' and python_version not in '3.0, 3.1, 3.2, 3.3'",
            "version": "==2.4.7"
        },
        "regex": {
            "hashes": [
                "sha256:01afaf2ec48e196ba91b37451aa353cb7eda77efe518e481707e0515025f0cd5",
                "sha256:11d773d75fa650cd36f68d7ca936e3c7afaae41b863b8c387a22aaa78d3c5c79",
                "sha256:18c071c3eb09c30a264879f0d310d37fe5d3a3111662438889ae2eb6fc570c31",
                "sha256:1e1c20e29358165242928c2de1482fb2cf4ea54a6a6dea2bd7a0e0d8ee321500",
                "sha256:281d2fd05555079448537fe108d79eb031b403dac622621c78944c235f3fcf11",
                "sha256:314d66636c494ed9c148a42731b3834496cc9a2c4251b1661e40936814542b14",
                "sha256:32e65442138b7b76dd8173ffa2cf67356b7bc1768851dded39a7a13bf9223da3",
                "sha256:339456e7d8c06dd36a22e451d58ef72cef293112b559010db3d054d5560ef439",
                "sha256:3916d08be28a1149fb97f7728fca1f7c15d309a9f9682d89d79db75d5e52091c",
                "sha256:3a9cd17e6e5c7eb328517969e0cb0c3d31fd329298dd0c04af99ebf42e904f82",
                "sha256:47bf5bf60cf04d72bf6055ae5927a0bd9016096bf3d742fa50d9bf9f45aa0711",
                "sha256:4c46e22a0933dd783467cf32b3516299fb98cfebd895817d685130cc50cd1093",
                "sha256:4c557a7b470908b1712fe27fb1ef20772b78079808c87d20a90d051660b1d69a",
                "sha256:52ba3d3f9b942c49d7e4bc105bb28551c44065f139a65062ab7912bef10c9afb",
                "sha256:563085e55b0d4fb8f746f6a335893bda5c2cef43b2f0258fe1020ab1dd874df8",
                "sha256:598585c9f0af8374c28edd609eb291b5726d7cbce16be6a8b95aa074d252ee17",
                "sha256:619d71c59a78b84d7f18891fe914446d07edd48dc8328c8e149cbe0929b4e000",
                "sha256:67bdb9702427ceddc6ef3dc382455e90f785af4c13d495f9626861763ee13f9d",
                "sha256:6d1b01031dedf2503631d0903cb563743f397ccaf6607a5e3b19a3d76fc10480",
                "sha256:741a9647fcf2e45f3a1cf0e24f5e17febf3efe8d4ba1281dcc3aa0459ef424dc",
                "sha256:7c2a1af393fcc09e898beba5dd59196edaa3116191cc7257f9224beaed3e1aa0",
                "sha256:7d9884d86dd4dd489e981d94a65cd30d6f07203d90e98f6f657f05170f6324c9",
                "sha256:90f11ff637fe8798933fb29f5ae1148c978cccb0452005bf4c69e13db951e765",
                "sha256:919859aa909429fb5aa9cf8807f6045592c85ef56fdd30a9a3747e513db2536e",
                "sha256:96fcd1888ab4d03adfc9303a7b3c0bd78c5412b2bfbe76db5b56d9eae004907a",
                "sha256:97f29f57d5b84e73fbaf99ab3e26134e6687348e95ef6b48cfd2c06807005a07",
                "sha256:980d7be47c84979d9136328d882f67ec5e50008681d94ecc8afa8a65ed1f4a6f",
                "sha256:a91aa8619b23b79bcbeb37abe286f2f408d2f2d6f29a17237afda55bb54e7aac",
                "sha256:ade17eb5d643b7fead300a1641e9f45401c98eee23763e9ed66a43f92f20b4a7",
                "sha256:b9c3db21af35e3b3c05764461b262d6f05bbca08a71a7849fd79d47ba7bc33ed",
                "sha256:bd28bc2e3a772acbb07787c6308e00d9626ff89e3bfcdebe87fa5afbfdedf968",
                "sha256:bf5824bfac591ddb2c1f0a5f4ab72da28994548c708d2191e3b87dd207eb3ad7",
                "sha256:c0502c0fadef0d23b128605d69b58edb2c681c25d44574fc673b0e52dce71ee2",
                "sha256:c38c71df845e2aabb7fb0b920d11a1b5ac8526005e533a8920aea97efb8ec6a4",
                "sha256:ce15b6d103daff8e9fee13cf7f0add05245a05d866e73926c358e871221eae87",
                "sha256:d3029c340cfbb3ac0a71798100ccc13b97dddf373a4ae56b6a72cf70dfd53bc8",
                "sha256:e512d8ef5ad7b898cdb2d8ee1cb09a8339e4f8be706d27eaa180c2f177248a10",
                "sha256:e8e5b509d5c2ff12f8418006d5a90e9436766133b564db0abaec92fd27fcee29",
                "sha256:ee54ff27bf0afaf4c3b3a62bcd016c12c3fdb4ec4f413391a90bd38bc3624605",
                "sha256:fa4537fb4a98fe8fde99626e4681cc644bdcf2a795038533f9f711513a862ae6",
                "sha256:fd45ff9293d9274c5008a2054ecef86a9bfe819a67c7be1afb65e69b405b3042"
            ],
            "version": "==2021.4.4"
        },
        "requests": {
            "hashes": [
                "sha256:27973dd4a904a4f13b263a19c866c13b92a39ed1c964655f025f3f8d3d75b804",
                "sha256:c210084e36a42ae6b9219e00e48287def368a26d03a048ddad7bfee44f75871e"
            ],
            "markers": "python_version >= '2.7' and python_version not in '3.0, 3.1, 3.2, 3.3, 3.4'",
            "version": "==2.25.1"
        },
        "sacremoses": {
            "hashes": [
                "sha256:58176cc28391830789b763641d0f458819bebe88681dac72b41a19c0aedc07e9",
                "sha256:fa93db44bc04542553ba6090818b892f603d02aa0d681e6c5c3023baf17e8564"
            ],
            "version": "==0.0.45"
        },
        "sentencepiece": {
            "hashes": [
                "sha256:03ac268fa1f5f2adcb083f40becd63b5bbbe2c13dec2cd46222688f8477827c5",
                "sha256:087373b148b82854a3c03a9ad57d58a8ff5366b2f6d718bca27f262c102439ce",
                "sha256:10e8119175e35075d05dad49c2903903229c7b1331b872fff5ad6a85d369152c",
                "sha256:163d869ce8dd7a9ed11187756272e8c73cd1caae1f47a701e5d70ad80485a655",
                "sha256:21cfec2ec80eb6f603fb92b0416479272f3ec30cfd511b8525a964e2f1cf82a6",
                "sha256:243ce7c067ba15e5883ab772117b144a8fa1f5827c466a664c9f52d173f6e375",
                "sha256:26676ecc4985902cf4af5d597df3d2c4f32f58ed3e23db20c47950f6065089d7",
                "sha256:438ee23faf095a9ebcc97debad2b07c0647ff6a306ed4d430146c3f80c7f6354",
                "sha256:43acdb01466de8189b899de153b96eb50e0ea3b77608c1d4f4f8f0c6f343fe45",
                "sha256:453f9cf531b5ea694472a5f0a4dc727bfb4f383c8a80a9b5261db6d3a59d4018",
                "sha256:4749b187c91e796fe52b82abef3c05a60d82065088844c0fe45d5c221ddc097a",
                "sha256:48fd95e0bf082a432cff5d4b7e5fa6d5fdaf87fb2de210aa91f90086c89464a2",
                "sha256:53951098eddfc25a5fa0cd9be748c9346db3c2be0b6c74a8ac6663acbde2b639",
                "sha256:58a1013c2a676e16647c64505b9e8cd7e7e5fb9f2d92ec91f2d2a5f777632a69",
                "sha256:5cac1dcacc2c6bea397188daa549f194ca2bc4d0a7005633ecd03b165e1ad16f",
                "sha256:5e177f6e40b074e08d3c0c2a1a862fbc94897d9c3439c7752a03a4f61197a743",
                "sha256:5ff761f322a1b34d691d8b1d87c735d8de725ce3458d879d9d0c319e285e7169",
                "sha256:60715ef703af2410e5f5cac89d8123f1a0a8dbce1406a2ceaecf805eb0c0cfd9",
                "sha256:6365bb9b7a17573e1ed9a277eafad6b5a489100840149297b2f399294ca11817",
                "sha256:77dff55aa8f74e36f7fd7df861723574630327fdfff0ca18fdbb4fe031c9ecbe",
                "sha256:7f7929c7741ea276d44c1e7966a1347943fab2089a55bc32fc42ba3c71a6e2e1",
                "sha256:8613286b537056e6d2029e306719e33d4e09c369a1741490e4e18f2a6a797996",
                "sha256:8dd6e3e110f4c3f85a46e4a2ae1b6f7cf020b907fab50eac22beccf1680e0ea5",
                "sha256:8e2f6096899a32246a0c65ea7f24a01ff32ea49563ef013b348acb7bca5831d5",
                "sha256:94f866601203b78095d9f219995820ff4606d67281895a6c79d5c1ffe75575ac",
                "sha256:99ba407001cc45b76e56e03f63eb27e011fe614c3a38e2c0ed5818bb88e050f6",
                "sha256:ad2866aebdf702b0d6a992b2b3b46c2de3739ca8a92bce17f24cf51c29fa4f3e",
                "sha256:bc7324da0209b632be107123f40505e2400e6aa49e39b49a35d081c36e6cee1b",
                "sha256:c2add7d87c30898661de5b9e492bd99c5b184c731dec3c7dd3d2c956e4003446",
                "sha256:c510e0d26760d51b31f2fb05e1638419a1590df8783300d79e898f2bb93975a8",
                "sha256:d3410cffb275c319c61977ae3a8729ab224d330bdf69d66cf5f6c55a4deb3d9a",
                "sha256:d789bcdce025b377a45830d3962d041b1acf7e416e5451bef081bd6a9c758dfd",
                "sha256:d880e8f70822fe98b4f584814f5cccebf9e72aea7b44acc1a26731780fac03f7",
                "sha256:d89c04aeedab0d5c25de8fc6302d58ec6fb135e2670449376c7d0301d7963680",
                "sha256:e3cf28e56f49edb9ac021e247399671b8099e516ecd8091ee8ad5d35716e16e3",
                "sha256:f05663139279718421084d618131a24cffc068860873531ebfe38a73085cbd2e",
                "sha256:f5b6ab735d30eb1801998d4c413592149f9414d9aa300d90a28e8769792d2a5b",
                "sha256:fa52e8a438f500e07c81c068fe128f9c4e677331eff0b17b28c55585aa7c112a",
                "sha256:fa8ee7411f31a7e7e1b4ed48de958e63befdba3465d7c7d9bd5a87235f7e5bd1"
            ],
            "version": "==0.1.95"
        },
        "six": {
            "hashes": [
                "sha256:1e61c37477a1626458e36f7b1d82aa5c9b094fa4802892072e49de9c60c4c926",
                "sha256:8abb2f1d86890a2dfb989f9a77cfcfd3e47c2a354b01111771326f8aa26e0254"
            ],
            "markers": "python_version >= '2.7' and python_version not in '3.0, 3.1, 3.2, 3.3'",
            "version": "==1.16.0"
        },
        "smart-open": {
            "hashes": [
                "sha256:7f4e85b71df5a3618f5447d0b417b7a3576308c839690a24a70338b8993684c3"
            ],
            "markers": "python_version >= '3.5'",
            "version": "==3.0.0"
        },
        "spacy": {
            "hashes": [
                "sha256:0827b0a5f4a0ed30d20945c040a53fb167abb5182ee2e0bde11dbb78b238955e",
                "sha256:0d688674128a281fb5022a3ff736b635168b4489622731d013779662872bb18f",
                "sha256:1648f6da017c237e1b1a5cbb88ba74a3f2036a496a60009324a0b2951de4fc00",
                "sha256:1b76137ed28a0bd5935de5d56e421e197616403f8f5cc8ece4afea2e1543c22f",
                "sha256:5628ab89f1f568099c880b12a9c37f4ece29ab89260660cfdf728c02711879c5",
                "sha256:651c773c78a18c51665ba9ee407e4a055f8f8b67b282761011027b9172cc4b7f",
                "sha256:6ac13f2fd24403de00c6ba2222533c4dcf679d1aafa7d812803006922d49234e",
                "sha256:8bd6f2d21545f6e790de0c191d28c88eca301c563f46adef9865394dc7ed880f",
                "sha256:96fc271f0da340e89a7357747b475169ad455c727671b6a853f6b722d617dd3b",
                "sha256:9a35a27476534fcc40823140df578279b2b35f34892f5e81552ef59ed021f0a2",
                "sha256:ac0b01a6c00a2ddf63bac9d7db50424bf6ecea68036d9cf915432552c47f1660",
                "sha256:d29571e1170070cbfec676d52df785998ae92dbb965eb96099c4666824a740bf",
                "sha256:dad95d94b7c3263e364170d397e9a83c1ec2b64f6bc771e2511a662d537649b3"
            ],
            "index": "pypi",
            "version": "==3.0.6"
        },
        "spacy-legacy": {
            "hashes": [
                "sha256:532f78ae31659528fadb6453cdde9425a426227882c388297aafd7e7b41c2290",
                "sha256:6fc4022e6682d6abe93c8ed72be8791df1145822fab4348af859c5dcbb18591b"
            ],
            "markers": "python_version >= '3.6'",
            "version": "==3.0.5"
        },
        "srsly": {
            "hashes": [
                "sha256:129c85db752b5945c6398a1952294e03b7d20fa111eb7fd1083c4a6b1d02f7c7",
                "sha256:178aa6d350c9cfedb8adadb5e1f96b7aadde203d088917063415fcd689eb6e42",
                "sha256:20f11d5d6ae29e3cc97e93c862d7bf8b75023668daf1ac5892598c512302e5d3",
                "sha256:76b11e0ec0056bda4ad009b6e0db37f3ad0005a0501d587080023d4312ad2ada",
                "sha256:867d1154ff7b60043584fe048de9b6d9a7d5a7fc61437850922ae4bd46d3be16",
                "sha256:869fdcf664edf20cd374cf1add869d67960061276478025a5887e080d8f99e1c",
                "sha256:9625a584b26e522b6afb7c24be8783228ff44d7ac624e500020b0b888e09c6b6",
                "sha256:b0f2aec0a329e6e7e742a0a60e99a74968ca29be71f35c5c4de221e328176926",
                "sha256:b1bd4a55bafbb8cf86be15bf18aa2ba2c953161ad71ce7d2dae0c141201a7d89",
                "sha256:cefe06912f3944b5729d555ee110f434a0787843c6676b90f4987ff7a0a69500",
                "sha256:e896d516ca2e2e89cc01df8c9c8b1528701d6f49e9c814332582cc701af64a91",
                "sha256:f7c3374184bfb1aa852bcb8e45747b02f2dde0ebe62b4ddf4b0141affeab32e1",
                "sha256:ff36dc01df8890a239e5d15cffa3ae3b272c19e5ae279840f2d30085d361c20a"
            ],
            "markers": "python_version >= '3.6'",
            "version": "==2.4.1"
        },
        "thinc": {
            "hashes": [
                "sha256:0a08043a664448a3768f68221ce2a60f331b730aa32d15372e07f3d90bf49765",
                "sha256:2e20d73a800afa5c9b7d41d589f086fc4c776dc9d7024f5ca9c67332bb50b6c8",
                "sha256:40db2225cd7994372b7748d2be542e206f85d82d950e54fc42dac460795af124",
                "sha256:72d04d1c0791ad067f9b215d7c0eccda9376079b8b7170a1d834f68b3a0b1cd5",
                "sha256:739b5e454d5670d228ad62721d0037b0e6cab53adc8b499dcaf6167213690d2a",
                "sha256:7c30ec3a30125bbffb877ab94792b14807fce1d94a15c8affc0ddfdb7e849ab0",
                "sha256:a625900fdb978e8834eabf68be099cdb487bf637c98c8fe8161a1b6e41def5b7",
                "sha256:aa5f64c45067a762d624dfeff5f6a9e7f2cb0d484fe5f0054b77deb7089a9cfb",
                "sha256:bd87496ceab914fb0fd646b7ef8542f4c379e76e9dc5271768d089acc7b70d54",
                "sha256:c370a7a46d01b588d8d5f99d8d5e36b3cbac4512638356fa430f7f52bb3a8897",
                "sha256:c842d9432018564f8289ac19fb71ed9311a13b9a002ef88f92373158329f45a4",
                "sha256:ddf994fac571e657091c78d4fa5b99c18950d683250226b8be72a212f16f8e0a",
                "sha256:e9a07b1f1ddca26b5594234cbe9015b055d95b2e10796c66182030282e2f485b"
            ],
            "markers": "python_version >= '3.6'",
            "version": "==8.0.3"
        },
        "tokenizers": {
            "hashes": [
                "sha256:0fe77daab9b92bad46f8b74cff0aaf6676cdec61d0e7d321ee8a3946e60aa78c",
                "sha256:22b775f07de4255e1d4aeab358064574384cacbdc1f2a67c2defc7f7bfa429ea",
                "sha256:308dc517d188a6dae2386d230df373834fabfec1f8c32fc77a8539364ce00d86",
                "sha256:3880731fa4f1873e779bccaacc1f8f262fa6ffc7aae43be65f2815d54763be11",
                "sha256:38e08cfd4ed6f84fd51af9f9a2f1899cef91d47060dd2190e7c5490cef770072",
                "sha256:43d1f68b894ebdc60480375f87864d4376ddccebe0ad6988b86c2dd525d58376",
                "sha256:4855c6d1b59cb31c6182dc8ae7a66e1a088f744cd99f2437f585e36bc0399b6e",
                "sha256:49fe908cb2baa2c8fd666a7ff32cbed04f7269dbc36da29091c1444ccf9910f5",
                "sha256:a416bd2d6954ffe0b10ff5cef8cd5b99a68a041988af644d4dd7d1451511673d",
                "sha256:a863f813ece3e95618185e68d37560fc107f89d1a91608d23285294d1e414d8c",
                "sha256:c7982733bb821934a5e53f4b4825edda3c5435b32a1705209b36d44c32215621",
                "sha256:db9dcf9efd3cd6b2c994b1fbbdbb3961208d5b7291c1d722301005730c105eb3",
                "sha256:e92fb6dffb5793563266b1c151846fac60bbb2525b40a49652e0a07854596f25",
                "sha256:f29e45b0f31ca680d64890ad292569da804f44db6d160b50e7e8a2ae639db988",
                "sha256:f8b901bfca97cbb94cfa2881bc51388dba7385f5494c70778842e5039d5d14e5",
                "sha256:f9adb89b46df83807c324e74177d776d5ebccacb9694568094f7335de9b5a759",
                "sha256:fb37429f2d8c00cf6c5aec8404f355772cb5afb54adb3e5e8a2a0a2d1095433a"
            ],
            "version": "==0.8.1rc2"
        },
        "torch": {
            "hashes": [
                "sha256:1388b30fbd262c1a053d6c9ace73bb0bd8f5871b4892b6f3e02d1d7bc9768563",
                "sha256:16f2630d9604c4ee28ea7d6e388e2264cd7bc6031c6ecd796bae3f56b5efa9a3",
                "sha256:225ee4238c019b28369c71977327deeeb2bd1c6b8557e6fcf631b8866bdc5447",
                "sha256:3e4190c04dfd89c59bad06d5fe451446643a65e6d2607cc989eb1001ee76e12f",
                "sha256:4ace9c5bb94d5a7b9582cd089993201658466e9c59ff88bd4e9e08f6f072d1cf",
                "sha256:55137feb2f5a0dc7aced5bba690dcdb7652054ad3452b09a2bbb59f02a11e9ff",
                "sha256:5c2e9a33d44cdb93ebd739b127ffd7da786bf5f740539539195195b186a05f6c",
                "sha256:6ffa1e7ae079c7cb828712cb0cdaae5cc4fb87c16a607e6d14526b62c20bcc17",
                "sha256:8ad2252bf09833dcf46a536a78544e349b8256a370e03a98627ebfb118d9555b",
                "sha256:95b7bbbacc3f28fe438f418392ceeae146a01adc03b29d44917d55214ac234c9",
                "sha256:a50ea8ed900927fb30cadb63aa7a32fdd59c7d7abe5012348dfbe35a8355c083",
                "sha256:c6ede2ae4dcd8214b63e047efabafa92493605205a947574cf358216ca4e440a",
                "sha256:ce7d435426f3dd14f95710d779aa46e9cd5e077d512488e813f7589fdc024f78",
                "sha256:dac4d10494e74f7e553c92d7263e19ea501742c4825ddd26c4decfa27be95981",
                "sha256:e7ad1649adb7dc2a450e70a3e51240b84fa4746c69c8f98989ce0c254f9fba3a",
                "sha256:f23eeb1a48cc39209d986c418ad7e02227eee973da45c0c42d36b1aec72f4940"
            ],
            "index": "pypi",
            "version": "==1.8.1"
        },
        "tqdm": {
            "hashes": [
                "sha256:736524215c690621b06fc89d0310a49822d75e599fcd0feb7cc742b98d692493",
                "sha256:cd5791b5d7c3f2f1819efc81d36eb719a38e0906a7380365c556779f585ea042"
            ],
            "markers": "python_version >= '2.7' and python_version not in '3.0, 3.1, 3.2, 3.3'",
            "version": "==4.61.0"
        },
        "transformers": {
            "hashes": [
                "sha256:779eaf6ac96c3380068f8f1c467e2f6e45360d2f9774320959d96074131ca150",
                "sha256:d17b175a85e18dce399e81cde1a1198d6fc52a507168a06a2548cdea7e0cbbb4"
            ],
            "index": "pypi",
            "version": "==3.2.0"
        },
        "typer": {
            "hashes": [
                "sha256:5455d750122cff96745b0dec87368f56d023725a7ebc9d2e54dd23dc86816303",
                "sha256:ba58b920ce851b12a2d790143009fa00ac1d05b3ff3257061ff69dbdfc3d161b"
            ],
            "markers": "python_version >= '3.6'",
            "version": "==0.3.2"
        },
        "typing-extensions": {
            "hashes": [
                "sha256:0ac0f89795dd19de6b97debb0c6af1c70987fd80a2d62d1958f7e56fcc31b497",
                "sha256:50b6f157849174217d0656f99dc82fe932884fb250826c18350e159ec6cdf342",
                "sha256:779383f6086d90c99ae41cf0ff39aac8a7937a9283ce0a414e5dd782f4c94a84"
            ],
            "markers": "python_version < '3.8'",
            "version": "==3.10.0.0"
        },
        "urllib3": {
            "hashes": [
                "sha256:753a0374df26658f99d826cfe40394a686d05985786d946fbe4165b5148f5a7c",
                "sha256:a7acd0977125325f516bda9735fa7142b909a8d01e8b2e4c8108d0984e6e0098"
            ],
            "markers": "python_version >= '2.7' and python_version not in '3.0, 3.1, 3.2, 3.3, 3.4' and python_version < '4'",
            "version": "==1.26.5"
        },
        "wasabi": {
            "hashes": [
                "sha256:a493e09d86109ec6d9e70d040472f9facc44634d4ae6327182f94091ca73a490",
                "sha256:b4a36aaa9ca3a151f0c558f269d442afbb3526f0160fd541acd8a0d5e5712054"
            ],
            "version": "==0.8.2"
        },
        "zipp": {
            "hashes": [
                "sha256:3607921face881ba3e026887d8150cca609d517579abe052ac81fc5aeffdbd76",
                "sha256:51cb66cc54621609dd593d1787f286ee42a5c0adbb4b29abea5a63edc3e03098"
            ],
            "markers": "python_version < '3.8'",
            "version": "==3.4.1"
        }
    },
    "develop": {}
}
